
Microsoft Visual Studio Solution File, Format Version 12.00
# Visual Studio Version 16
VisualStudioVersion = 16.0.31911.196
MinimumVisualStudioVersion = 10.0.40219.1
Project("{9A19103F-16F7-4668-BE54-9A1E7A4F7556}") = "helicoptero", "helicoptero.csproj", "{B91FE4A9-F0B6-4AB2-9FB1-103A5B8F71C9}"
EndProject
Global
	GlobalSection(SolutionConfigurationPlatforms) = preSolution
		Debug|Any CPU = Debug|Any CPU
		Release|Any CPU = Release|Any CPU
	EndGlobalSection
	GlobalSection(ProjectConfigurationPlatforms) = postSolution
		{B91FE4A9-F0B6-4AB2-9FB1-103A5B8F71C9}.Debug|Any CPU.ActiveCfg = Debug|Any CPU
		{B91FE4A9-F0B6-4AB2-9FB1-103A5B8F71C9}.Debug|Any CPU.Build.0 = Debug|Any CPU
		{B91FE4A9-F0B6-4AB2-9FB1-103A5B8F71C9}.Release|Any CPU.ActiveCfg = Release|Any CPU
		{B91FE4A9-F0B6-4AB2-9FB1-103A5B8F71C9}.Release|Any CPU.Build.0 = Release|Any CPU
	EndGlobalSection
	GlobalSection(SolutionProperties) = preSolution
		HideSolutionNode = FALSE
	EndGlobalSection
	GlobalSection(ExtensibilityGlobals) = postSolution
		SolutionGuid = {4738B777-C26E-4B09-85E4-2E846E2DC035}
	EndGlobalSection
EndGlobal
